
Microsoft Visual Studio Solution File, Format Version 12.00
# Visual Studio 15
VisualStudioVersion = 15.0.27428.2015
MinimumVisualStudioVersion = 10.0.40219.1
Project("{FAE04EC0-301F-11D3-BF4B-00C04F79EFBC}") = "Diese", "Diese\Diese.csproj", "{7C7F99DF-EDA3-4169-90F8-1BFB325EB657}"
EndProject
Project("{FAE04EC0-301F-11D3-BF4B-00C04F79EFBC}") = "Diese.Diagnostics", "Diese.Diagnostics\Diese.Diagnostics.csproj", "{F5A25F55-AB8B-4483-AC8E-D6478E486817}"
EndProject
Project("{FAE04EC0-301F-11D3-BF4B-00C04F79EFBC}") = "Diese.Collections", "Diese.Collections\Diese.Collections.csproj", "{E5F766CC-7750-4613-8B7D-E67F347A96F5}"
EndProject
Global
	GlobalSection(SolutionConfigurationPlatforms) = preSolution
		Debug|Any CPU = Debug|Any CPU
		Release|Any CPU = Release|Any CPU
	EndGlobalSection
	GlobalSection(ProjectConfigurationPlatforms) = postSolution
		{7C7F99DF-EDA3-4169-90F8-1BFB325EB657}.Debug|Any CPU.ActiveCfg = Debug|Any CPU
		{7C7F99DF-EDA3-4169-90F8-1BFB325EB657}.Debug|Any CPU.Build.0 = Debug|Any CPU
		{7C7F99DF-EDA3-4169-90F8-1BFB325EB657}.Release|Any CPU.ActiveCfg = Release|Any CPU
		{7C7F99DF-EDA3-4169-90F8-1BFB325EB657}.Release|Any CPU.Build.0 = Release|Any CPU
		{F5A25F55-AB8B-4483-AC8E-D6478E486817}.Debug|Any CPU.ActiveCfg = Debug|Any CPU
		{F5A25F55-AB8B-4483-AC8E-D6478E486817}.Debug|Any CPU.Build.0 = Debug|Any CPU
		{F5A25F55-AB8B-4483-AC8E-D6478E486817}.Release|Any CPU.ActiveCfg = Release|Any CPU
		{F5A25F55-AB8B-4483-AC8E-D6478E486817}.Release|Any CPU.Build.0 = Release|Any CPU
		{E5F766CC-7750-4613-8B7D-E67F347A96F5}.Debug|Any CPU.ActiveCfg = Debug|Any CPU
		{E5F766CC-7750-4613-8B7D-E67F347A96F5}.Debug|Any CPU.Build.0 = Debug|Any CPU
		{E5F766CC-7750-4613-8B7D-E67F347A96F5}.Release|Any CPU.ActiveCfg = Release|Any CPU
		{E5F766CC-7750-4613-8B7D-E67F347A96F5}.Release|Any CPU.Build.0 = Release|Any CPU
	EndGlobalSection
	GlobalSection(SolutionProperties) = preSolution
		HideSolutionNode = FALSE
	EndGlobalSection
	GlobalSection(ExtensibilityGlobals) = postSolution
		SolutionGuid = {0282315F-9575-4F9F-9A0F-9CEF5D9C43DB}
	EndGlobalSection
EndGlobal
