
Microsoft Visual Studio Solution File, Format Version 12.00
# Visual Studio 2013
VisualStudioVersion = 12.0.31101.0
MinimumVisualStudioVersion = 10.0.40219.1
Project("{FAE04EC0-301F-11D3-BF4B-00C04F79EFBC}") = "Diese.Serialization", "Diese.Serialization\Diese.Serialization.csproj", "{4AE2D764-4161-453D-8B2D-BD66607EC27A}"
EndProject
Project("{FAE04EC0-301F-11D3-BF4B-00C04F79EFBC}") = "Diese.Modelization", "Diese.Modelization\Diese.Modelization.csproj", "{0781AD0F-EB0F-442E-9A1C-34C2AA9319FD}"
EndProject
Project("{2150E333-8FDC-42A3-9474-1A3956D46DE8}") = "Tests", "Tests", "{56AD0BC2-6C0B-4B77-82C9-F23B2AC551EE}"
EndProject
Project("{FAE04EC0-301F-11D3-BF4B-00C04F79EFBC}") = "Diese.Modelization.Test", "Tests\Diese.Modelization.Test\Diese.Modelization.Test.csproj", "{0A7EC775-E197-45E0-9ADC-5535708FBB6A}"
EndProject
Project("{FAE04EC0-301F-11D3-BF4B-00C04F79EFBC}") = "Diese.Serialization.Test", "Tests\Diese.Serialization.Test\Diese.Serialization.Test.csproj", "{A19FAF49-2036-40DE-B9BD-DDB3A72C3B47}"
EndProject
Project("{2150E333-8FDC-42A3-9474-1A3956D46DE8}") = ".nuget", ".nuget", "{63562E73-7A9E-4F9F-9E8F-AFAC8AD7D2F3}"
	ProjectSection(SolutionItems) = preProject
		.nuget\NuGet.Config = .nuget\NuGet.Config
		.nuget\NuGet.exe = .nuget\NuGet.exe
		.nuget\NuGet.targets = .nuget\NuGet.targets
	EndProjectSection
EndProject
Project("{2150E333-8FDC-42A3-9474-1A3956D46DE8}") = "Samples", "Samples", "{961607C8-6CFD-4DE5-BBC3-0431CF6960AF}"
EndProject
Project("{FAE04EC0-301F-11D3-BF4B-00C04F79EFBC}") = "Diese.Exceptions.Sample", "Samples\Diese.Exceptions.Sample\Diese.Exceptions.Sample.csproj", "{AC7C9776-94FF-434B-9084-8DCB175CF969}"
EndProject
Project("{FAE04EC0-301F-11D3-BF4B-00C04F79EFBC}") = "Diese.Serialization.Protobuf", "Diese.Serialization.Protobuf\Diese.Serialization.Protobuf.csproj", "{34435AF2-672B-4324-93F9-940E1D2D97BE}"
EndProject
Project("{FAE04EC0-301F-11D3-BF4B-00C04F79EFBC}") = "Diese.Debug", "Diese.Debug\Diese.Debug.csproj", "{CF81F12F-4EFA-4A26-9853-DF86973533CE}"
EndProject
Project("{FAE04EC0-301F-11D3-BF4B-00C04F79EFBC}") = "Diese.Lua", "Diese.Lua\Diese.Lua.csproj", "{E2707575-12C2-4CE6-B8E4-E7EFD8D4E301}"
EndProject
Project("{FAE04EC0-301F-11D3-BF4B-00C04F79EFBC}") = "Diese.Lua.Test", "Diese.Lua.Test\Diese.Lua.Test.csproj", "{7AC67B80-2D3D-4872-A8A7-35416E8344FF}"
EndProject
Project("{FAE04EC0-301F-11D3-BF4B-00C04F79EFBC}") = "Diese.UnitTest", "Diese.UnitTest\Diese.UnitTest.csproj", "{496DD102-2319-4DA5-88AA-53D1ACD07ABF}"
EndProject
Project("{FAE04EC0-301F-11D3-BF4B-00C04F79EFBC}") = "Diese.UnitTest.Test", "Tests\Diese.UnitTest.Test\Diese.UnitTest.Test.csproj", "{C9B66B14-F26B-432D-BE30-FCC121AE6CDE}"
EndProject
Project("{FAE04EC0-301F-11D3-BF4B-00C04F79EFBC}") = "Diese.Composition", "Diese.Composition\Diese.Composition.csproj", "{E8D6F663-89A6-497F-A02F-D0FC562D2D0E}"
EndProject
Project("{FAE04EC0-301F-11D3-BF4B-00C04F79EFBC}") = "Diese", "Diese\Diese.csproj", "{F2F3FEB2-8453-409E-B00C-96DC64AC8020}"
EndProject
Global
	GlobalSection(SolutionConfigurationPlatforms) = preSolution
		Debug|Any CPU = Debug|Any CPU
		Release|Any CPU = Release|Any CPU
	EndGlobalSection
	GlobalSection(ProjectConfigurationPlatforms) = postSolution
		{4AE2D764-4161-453D-8B2D-BD66607EC27A}.Debug|Any CPU.ActiveCfg = Debug|Any CPU
		{4AE2D764-4161-453D-8B2D-BD66607EC27A}.Debug|Any CPU.Build.0 = Debug|Any CPU
		{4AE2D764-4161-453D-8B2D-BD66607EC27A}.Release|Any CPU.ActiveCfg = Release|Any CPU
		{4AE2D764-4161-453D-8B2D-BD66607EC27A}.Release|Any CPU.Build.0 = Release|Any CPU
		{0781AD0F-EB0F-442E-9A1C-34C2AA9319FD}.Debug|Any CPU.ActiveCfg = Debug|Any CPU
		{0781AD0F-EB0F-442E-9A1C-34C2AA9319FD}.Debug|Any CPU.Build.0 = Debug|Any CPU
		{0781AD0F-EB0F-442E-9A1C-34C2AA9319FD}.Release|Any CPU.ActiveCfg = Release|Any CPU
		{0781AD0F-EB0F-442E-9A1C-34C2AA9319FD}.Release|Any CPU.Build.0 = Release|Any CPU
		{0A7EC775-E197-45E0-9ADC-5535708FBB6A}.Debug|Any CPU.ActiveCfg = Debug|Any CPU
		{0A7EC775-E197-45E0-9ADC-5535708FBB6A}.Debug|Any CPU.Build.0 = Debug|Any CPU
		{0A7EC775-E197-45E0-9ADC-5535708FBB6A}.Release|Any CPU.ActiveCfg = Release|Any CPU
		{0A7EC775-E197-45E0-9ADC-5535708FBB6A}.Release|Any CPU.Build.0 = Release|Any CPU
		{A19FAF49-2036-40DE-B9BD-DDB3A72C3B47}.Debug|Any CPU.ActiveCfg = Debug|Any CPU
		{A19FAF49-2036-40DE-B9BD-DDB3A72C3B47}.Debug|Any CPU.Build.0 = Debug|Any CPU
		{A19FAF49-2036-40DE-B9BD-DDB3A72C3B47}.Release|Any CPU.ActiveCfg = Release|Any CPU
		{A19FAF49-2036-40DE-B9BD-DDB3A72C3B47}.Release|Any CPU.Build.0 = Release|Any CPU
		{AC7C9776-94FF-434B-9084-8DCB175CF969}.Debug|Any CPU.ActiveCfg = Debug|Any CPU
		{AC7C9776-94FF-434B-9084-8DCB175CF969}.Debug|Any CPU.Build.0 = Debug|Any CPU
		{AC7C9776-94FF-434B-9084-8DCB175CF969}.Release|Any CPU.ActiveCfg = Release|Any CPU
		{AC7C9776-94FF-434B-9084-8DCB175CF969}.Release|Any CPU.Build.0 = Release|Any CPU
		{34435AF2-672B-4324-93F9-940E1D2D97BE}.Debug|Any CPU.ActiveCfg = Debug|Any CPU
		{34435AF2-672B-4324-93F9-940E1D2D97BE}.Debug|Any CPU.Build.0 = Debug|Any CPU
		{34435AF2-672B-4324-93F9-940E1D2D97BE}.Release|Any CPU.ActiveCfg = Release|Any CPU
		{34435AF2-672B-4324-93F9-940E1D2D97BE}.Release|Any CPU.Build.0 = Release|Any CPU
		{CF81F12F-4EFA-4A26-9853-DF86973533CE}.Debug|Any CPU.ActiveCfg = Debug|Any CPU
		{CF81F12F-4EFA-4A26-9853-DF86973533CE}.Debug|Any CPU.Build.0 = Debug|Any CPU
		{CF81F12F-4EFA-4A26-9853-DF86973533CE}.Release|Any CPU.ActiveCfg = Release|Any CPU
		{CF81F12F-4EFA-4A26-9853-DF86973533CE}.Release|Any CPU.Build.0 = Release|Any CPU
		{E2707575-12C2-4CE6-B8E4-E7EFD8D4E301}.Debug|Any CPU.ActiveCfg = Debug|Any CPU
		{E2707575-12C2-4CE6-B8E4-E7EFD8D4E301}.Debug|Any CPU.Build.0 = Debug|Any CPU
		{E2707575-12C2-4CE6-B8E4-E7EFD8D4E301}.Release|Any CPU.ActiveCfg = Release|Any CPU
		{E2707575-12C2-4CE6-B8E4-E7EFD8D4E301}.Release|Any CPU.Build.0 = Release|Any CPU
		{7AC67B80-2D3D-4872-A8A7-35416E8344FF}.Debug|Any CPU.ActiveCfg = Debug|Any CPU
		{7AC67B80-2D3D-4872-A8A7-35416E8344FF}.Debug|Any CPU.Build.0 = Debug|Any CPU
		{7AC67B80-2D3D-4872-A8A7-35416E8344FF}.Release|Any CPU.ActiveCfg = Release|Any CPU
		{7AC67B80-2D3D-4872-A8A7-35416E8344FF}.Release|Any CPU.Build.0 = Release|Any CPU
		{496DD102-2319-4DA5-88AA-53D1ACD07ABF}.Debug|Any CPU.ActiveCfg = Debug|Any CPU
		{496DD102-2319-4DA5-88AA-53D1ACD07ABF}.Debug|Any CPU.Build.0 = Debug|Any CPU
		{496DD102-2319-4DA5-88AA-53D1ACD07ABF}.Release|Any CPU.ActiveCfg = Release|Any CPU
		{496DD102-2319-4DA5-88AA-53D1ACD07ABF}.Release|Any CPU.Build.0 = Release|Any CPU
		{C9B66B14-F26B-432D-BE30-FCC121AE6CDE}.Debug|Any CPU.ActiveCfg = Debug|Any CPU
		{C9B66B14-F26B-432D-BE30-FCC121AE6CDE}.Debug|Any CPU.Build.0 = Debug|Any CPU
		{C9B66B14-F26B-432D-BE30-FCC121AE6CDE}.Release|Any CPU.ActiveCfg = Release|Any CPU
		{C9B66B14-F26B-432D-BE30-FCC121AE6CDE}.Release|Any CPU.Build.0 = Release|Any CPU
		{E8D6F663-89A6-497F-A02F-D0FC562D2D0E}.Debug|Any CPU.ActiveCfg = Debug|Any CPU
		{E8D6F663-89A6-497F-A02F-D0FC562D2D0E}.Debug|Any CPU.Build.0 = Debug|Any CPU
		{E8D6F663-89A6-497F-A02F-D0FC562D2D0E}.Release|Any CPU.ActiveCfg = Release|Any CPU
		{E8D6F663-89A6-497F-A02F-D0FC562D2D0E}.Release|Any CPU.Build.0 = Release|Any CPU
		{F2F3FEB2-8453-409E-B00C-96DC64AC8020}.Debug|Any CPU.ActiveCfg = Debug|Any CPU
		{F2F3FEB2-8453-409E-B00C-96DC64AC8020}.Debug|Any CPU.Build.0 = Debug|Any CPU
		{F2F3FEB2-8453-409E-B00C-96DC64AC8020}.Release|Any CPU.ActiveCfg = Release|Any CPU
		{F2F3FEB2-8453-409E-B00C-96DC64AC8020}.Release|Any CPU.Build.0 = Release|Any CPU
	EndGlobalSection
	GlobalSection(SolutionProperties) = preSolution
		HideSolutionNode = FALSE
	EndGlobalSection
	GlobalSection(NestedProjects) = preSolution
		{0A7EC775-E197-45E0-9ADC-5535708FBB6A} = {56AD0BC2-6C0B-4B77-82C9-F23B2AC551EE}
		{A19FAF49-2036-40DE-B9BD-DDB3A72C3B47} = {56AD0BC2-6C0B-4B77-82C9-F23B2AC551EE}
		{AC7C9776-94FF-434B-9084-8DCB175CF969} = {961607C8-6CFD-4DE5-BBC3-0431CF6960AF}
		{7AC67B80-2D3D-4872-A8A7-35416E8344FF} = {56AD0BC2-6C0B-4B77-82C9-F23B2AC551EE}
		{C9B66B14-F26B-432D-BE30-FCC121AE6CDE} = {56AD0BC2-6C0B-4B77-82C9-F23B2AC551EE}
	EndGlobalSection
	GlobalSection(MonoDevelopProperties) = preSolution
		StartupItem = Diese.Serialization\Diese.Serialization.csproj
	EndGlobalSection
EndGlobal
